
Microsoft Visual Studio Solution File, Format Version 12.00
# Visual Studio Version 16
VisualStudioVersion = 16.0.31019.35
MinimumVisualStudioVersion = 10.0.40219.1
Project("{9A19103F-16F7-4668-BE54-9A1E7A4F7556}") = "SampleApp.Core", "SampleApp.Core\SampleApp.Core.csproj", "{63E3460F-D5D0-421E-BC82-104A50F43DC9}"
EndProject
Project("{9A19103F-16F7-4668-BE54-9A1E7A4F7556}") = "SampleApp.UI", "SampleApp.UI\SampleApp.UI.csproj", "{4947A896-E8FE-4E4D-BB7F-E96DCEE6CA29}"
EndProject
Project("{FAE04EC0-301F-11D3-BF4B-00C04F79EFBC}") = "SampleApp.XF.iOS", "SampleApp.XF.iOS\SampleApp.XF.iOS.csproj", "{F879124C-600D-4700-A301-0DF20BA67C7C}"
EndProject
Project("{FAE04EC0-301F-11D3-BF4B-00C04F79EFBC}") = "SampleApp.XF.Droid", "SampleApp.XF.Droid\SampleApp.XF.Droid.csproj", "{1A69AAF9-1679-4D77-BC66-FD8316FECED1}"
EndProject
Project("{FAE04EC0-301F-11D3-BF4B-00C04F79EFBC}") = "SampleApp.XF.UWP", "SampleApp.XF.UWP\SampleApp.XF.UWP.csproj", "{F2F61D77-9E05-4CDE-BA46-8A49ED869173}"
EndProject
Global
	GlobalSection(SolutionConfigurationPlatforms) = preSolution
		Debug|Any CPU = Debug|Any CPU
		Debug|ARM = Debug|ARM
		Debug|ARM64 = Debug|ARM64
		Debug|iPhone = Debug|iPhone
		Debug|iPhoneSimulator = Debug|iPhoneSimulator
		Debug|x64 = Debug|x64
		Debug|x86 = Debug|x86
		Release|Any CPU = Release|Any CPU
		Release|ARM = Release|ARM
		Release|ARM64 = Release|ARM64
		Release|iPhone = Release|iPhone
		Release|iPhoneSimulator = Release|iPhoneSimulator
		Release|x64 = Release|x64
		Release|x86 = Release|x86
	EndGlobalSection
	GlobalSection(ProjectConfigurationPlatforms) = postSolution
		{63E3460F-D5D0-421E-BC82-104A50F43DC9}.Debug|Any CPU.ActiveCfg = Debug|Any CPU
		{63E3460F-D5D0-421E-BC82-104A50F43DC9}.Debug|Any CPU.Build.0 = Debug|Any CPU
		{63E3460F-D5D0-421E-BC82-104A50F43DC9}.Debug|ARM.ActiveCfg = Debug|Any CPU
		{63E3460F-D5D0-421E-BC82-104A50F43DC9}.Debug|ARM.Build.0 = Debug|Any CPU
		{63E3460F-D5D0-421E-BC82-104A50F43DC9}.Debug|ARM64.ActiveCfg = Debug|Any CPU
		{63E3460F-D5D0-421E-BC82-104A50F43DC9}.Debug|ARM64.Build.0 = Debug|Any CPU
		{63E3460F-D5D0-421E-BC82-104A50F43DC9}.Debug|iPhone.ActiveCfg = Debug|Any CPU
		{63E3460F-D5D0-421E-BC82-104A50F43DC9}.Debug|iPhone.Build.0 = Debug|Any CPU
		{63E3460F-D5D0-421E-BC82-104A50F43DC9}.Debug|iPhoneSimulator.ActiveCfg = Debug|Any CPU
		{63E3460F-D5D0-421E-BC82-104A50F43DC9}.Debug|iPhoneSimulator.Build.0 = Debug|Any CPU
		{63E3460F-D5D0-421E-BC82-104A50F43DC9}.Debug|x64.ActiveCfg = Debug|Any CPU
		{63E3460F-D5D0-421E-BC82-104A50F43DC9}.Debug|x64.Build.0 = Debug|Any CPU
		{63E3460F-D5D0-421E-BC82-104A50F43DC9}.Debug|x86.ActiveCfg = Debug|Any CPU
		{63E3460F-D5D0-421E-BC82-104A50F43DC9}.Debug|x86.Build.0 = Debug|Any CPU
		{63E3460F-D5D0-421E-BC82-104A50F43DC9}.Release|Any CPU.ActiveCfg = Release|Any CPU
		{63E3460F-D5D0-421E-BC82-104A50F43DC9}.Release|Any CPU.Build.0 = Release|Any CPU
		{63E3460F-D5D0-421E-BC82-104A50F43DC9}.Release|ARM.ActiveCfg = Release|Any CPU
		{63E3460F-D5D0-421E-BC82-104A50F43DC9}.Release|ARM.Build.0 = Release|Any CPU
		{63E3460F-D5D0-421E-BC82-104A50F43DC9}.Release|ARM64.ActiveCfg = Release|Any CPU
		{63E3460F-D5D0-421E-BC82-104A50F43DC9}.Release|ARM64.Build.0 = Release|Any CPU
		{63E3460F-D5D0-421E-BC82-104A50F43DC9}.Release|iPhone.ActiveCfg = Release|Any CPU
		{63E3460F-D5D0-421E-BC82-104A50F43DC9}.Release|iPhone.Build.0 = Release|Any CPU
		{63E3460F-D5D0-421E-BC82-104A50F43DC9}.Release|iPhoneSimulator.ActiveCfg = Release|Any CPU
		{63E3460F-D5D0-421E-BC82-104A50F43DC9}.Release|iPhoneSimulator.Build.0 = Release|Any CPU
		{63E3460F-D5D0-421E-BC82-104A50F43DC9}.Release|x64.ActiveCfg = Release|Any CPU
		{63E3460F-D5D0-421E-BC82-104A50F43DC9}.Release|x64.Build.0 = Release|Any CPU
		{63E3460F-D5D0-421E-BC82-104A50F43DC9}.Release|x86.ActiveCfg = Release|Any CPU
		{63E3460F-D5D0-421E-BC82-104A50F43DC9}.Release|x86.Build.0 = Release|Any CPU
		{4947A896-E8FE-4E4D-BB7F-E96DCEE6CA29}.Debug|Any CPU.ActiveCfg = Debug|Any CPU
		{4947A896-E8FE-4E4D-BB7F-E96DCEE6CA29}.Debug|Any CPU.Build.0 = Debug|Any CPU
		{4947A896-E8FE-4E4D-BB7F-E96DCEE6CA29}.Debug|ARM.ActiveCfg = Debug|Any CPU
		{4947A896-E8FE-4E4D-BB7F-E96DCEE6CA29}.Debug|ARM.Build.0 = Debug|Any CPU
		{4947A896-E8FE-4E4D-BB7F-E96DCEE6CA29}.Debug|ARM64.ActiveCfg = Debug|Any CPU
		{4947A896-E8FE-4E4D-BB7F-E96DCEE6CA29}.Debug|ARM64.Build.0 = Debug|Any CPU
		{4947A896-E8FE-4E4D-BB7F-E96DCEE6CA29}.Debug|iPhone.ActiveCfg = Debug|Any CPU
		{4947A896-E8FE-4E4D-BB7F-E96DCEE6CA29}.Debug|iPhone.Build.0 = Debug|Any CPU
		{4947A896-E8FE-4E4D-BB7F-E96DCEE6CA29}.Debug|iPhoneSimulator.ActiveCfg = Debug|Any CPU
		{4947A896-E8FE-4E4D-BB7F-E96DCEE6CA29}.Debug|iPhoneSimulator.Build.0 = Debug|Any CPU
		{4947A896-E8FE-4E4D-BB7F-E96DCEE6CA29}.Debug|x64.ActiveCfg = Debug|Any CPU
		{4947A896-E8FE-4E4D-BB7F-E96DCEE6CA29}.Debug|x64.Build.0 = Debug|Any CPU
		{4947A896-E8FE-4E4D-BB7F-E96DCEE6CA29}.Debug|x86.ActiveCfg = Debug|Any CPU
		{4947A896-E8FE-4E4D-BB7F-E96DCEE6CA29}.Debug|x86.Build.0 = Debug|Any CPU
		{4947A896-E8FE-4E4D-BB7F-E96DCEE6CA29}.Release|Any CPU.ActiveCfg = Release|Any CPU
		{4947A896-E8FE-4E4D-BB7F-E96DCEE6CA29}.Release|Any CPU.Build.0 = Release|Any CPU
		{4947A896-E8FE-4E4D-BB7F-E96DCEE6CA29}.Release|ARM.ActiveCfg = Release|Any CPU
		{4947A896-E8FE-4E4D-BB7F-E96DCEE6CA29}.Release|ARM.Build.0 = Release|Any CPU
		{4947A896-E8FE-4E4D-BB7F-E96DCEE6CA29}.Release|ARM64.ActiveCfg = Release|Any CPU
		{4947A896-E8FE-4E4D-BB7F-E96DCEE6CA29}.Release|ARM64.Build.0 = Release|Any CPU
		{4947A896-E8FE-4E4D-BB7F-E96DCEE6CA29}.Release|iPhone.ActiveCfg = Release|Any CPU
		{4947A896-E8FE-4E4D-BB7F-E96DCEE6CA29}.Release|iPhone.Build.0 = Release|Any CPU
		{4947A896-E8FE-4E4D-BB7F-E96DCEE6CA29}.Release|iPhoneSimulator.ActiveCfg = Release|Any CPU
		{4947A896-E8FE-4E4D-BB7F-E96DCEE6CA29}.Release|iPhoneSimulator.Build.0 = Release|Any CPU
		{4947A896-E8FE-4E4D-BB7F-E96DCEE6CA29}.Release|x64.ActiveCfg = Release|Any CPU
		{4947A896-E8FE-4E4D-BB7F-E96DCEE6CA29}.Release|x64.Build.0 = Release|Any CPU
		{4947A896-E8FE-4E4D-BB7F-E96DCEE6CA29}.Release|x86.ActiveCfg = Release|Any CPU
		{4947A896-E8FE-4E4D-BB7F-E96DCEE6CA29}.Release|x86.Build.0 = Release|Any CPU
		{F879124C-600D-4700-A301-0DF20BA67C7C}.Debug|Any CPU.ActiveCfg = Debug|iPhoneSimulator
		{F879124C-600D-4700-A301-0DF20BA67C7C}.Debug|ARM.ActiveCfg = Debug|iPhone
		{F879124C-600D-4700-A301-0DF20BA67C7C}.Debug|ARM64.ActiveCfg = Debug|iPhone
		{F879124C-600D-4700-A301-0DF20BA67C7C}.Debug|iPhone.ActiveCfg = Debug|iPhone
		{F879124C-600D-4700-A301-0DF20BA67C7C}.Debug|iPhone.Build.0 = Debug|iPhone
		{F879124C-600D-4700-A301-0DF20BA67C7C}.Debug|iPhone.Deploy.0 = Debug|iPhone
		{F879124C-600D-4700-A301-0DF20BA67C7C}.Debug|iPhoneSimulator.ActiveCfg = Debug|iPhoneSimulator
		{F879124C-600D-4700-A301-0DF20BA67C7C}.Debug|iPhoneSimulator.Build.0 = Debug|iPhoneSimulator
		{F879124C-600D-4700-A301-0DF20BA67C7C}.Debug|x64.ActiveCfg = Debug|iPhone
		{F879124C-600D-4700-A301-0DF20BA67C7C}.Debug|x86.ActiveCfg = Debug|iPhone
		{F879124C-600D-4700-A301-0DF20BA67C7C}.Release|Any CPU.ActiveCfg = Release|iPhoneSimulator
		{F879124C-600D-4700-A301-0DF20BA67C7C}.Release|ARM.ActiveCfg = Release|iPhone
		{F879124C-600D-4700-A301-0DF20BA67C7C}.Release|ARM64.ActiveCfg = Release|iPhone
		{F879124C-600D-4700-A301-0DF20BA67C7C}.Release|iPhone.ActiveCfg = Release|iPhone
		{F879124C-600D-4700-A301-0DF20BA67C7C}.Release|iPhone.Build.0 = Release|iPhone
		{F879124C-600D-4700-A301-0DF20BA67C7C}.Release|iPhoneSimulator.ActiveCfg = Release|iPhoneSimulator
		{F879124C-600D-4700-A301-0DF20BA67C7C}.Release|iPhoneSimulator.Build.0 = Release|iPhoneSimulator
		{F879124C-600D-4700-A301-0DF20BA67C7C}.Release|x64.ActiveCfg = Release|iPhone
		{F879124C-600D-4700-A301-0DF20BA67C7C}.Release|x86.ActiveCfg = Release|iPhone
		{1A69AAF9-1679-4D77-BC66-FD8316FECED1}.Debug|Any CPU.ActiveCfg = Debug|Any CPU
		{1A69AAF9-1679-4D77-BC66-FD8316FECED1}.Debug|Any CPU.Build.0 = Debug|Any CPU
		{1A69AAF9-1679-4D77-BC66-FD8316FECED1}.Debug|Any CPU.Deploy.0 = Debug|Any CPU
		{1A69AAF9-1679-4D77-BC66-FD8316FECED1}.Debug|ARM.ActiveCfg = Debug|Any CPU
		{1A69AAF9-1679-4D77-BC66-FD8316FECED1}.Debug|ARM.Build.0 = Debug|Any CPU
		{1A69AAF9-1679-4D77-BC66-FD8316FECED1}.Debug|ARM.Deploy.0 = Debug|Any CPU
		{1A69AAF9-1679-4D77-BC66-FD8316FECED1}.Debug|ARM64.ActiveCfg = Debug|Any CPU
		{1A69AAF9-1679-4D77-BC66-FD8316FECED1}.Debug|ARM64.Build.0 = Debug|Any CPU
		{1A69AAF9-1679-4D77-BC66-FD8316FECED1}.Debug|ARM64.Deploy.0 = Debug|Any CPU
		{1A69AAF9-1679-4D77-BC66-FD8316FECED1}.Debug|iPhone.ActiveCfg = Debug|Any CPU
		{1A69AAF9-1679-4D77-BC66-FD8316FECED1}.Debug|iPhone.Build.0 = Debug|Any CPU
		{1A69AAF9-1679-4D77-BC66-FD8316FECED1}.Debug|iPhone.Deploy.0 = Debug|Any CPU
		{1A69AAF9-1679-4D77-BC66-FD8316FECED1}.Debug|iPhoneSimulator.ActiveCfg = Debug|Any CPU
		{1A69AAF9-1679-4D77-BC66-FD8316FECED1}.Debug|iPhoneSimulator.Build.0 = Debug|Any CPU
		{1A69AAF9-1679-4D77-BC66-FD8316FECED1}.Debug|iPhoneSimulator.Deploy.0 = Debug|Any CPU
		{1A69AAF9-1679-4D77-BC66-FD8316FECED1}.Debug|x64.ActiveCfg = Debug|Any CPU
		{1A69AAF9-1679-4D77-BC66-FD8316FECED1}.Debug|x64.Build.0 = Debug|Any CPU
		{1A69AAF9-1679-4D77-BC66-FD8316FECED1}.Debug|x64.Deploy.0 = Debug|Any CPU
		{1A69AAF9-1679-4D77-BC66-FD8316FECED1}.Debug|x86.ActiveCfg = Debug|Any CPU
		{1A69AAF9-1679-4D77-BC66-FD8316FECED1}.Debug|x86.Build.0 = Debug|Any CPU
		{1A69AAF9-1679-4D77-BC66-FD8316FECED1}.Debug|x86.Deploy.0 = Debug|Any CPU
		{1A69AAF9-1679-4D77-BC66-FD8316FECED1}.Release|Any CPU.ActiveCfg = Release|Any CPU
		{1A69AAF9-1679-4D77-BC66-FD8316FECED1}.Release|Any CPU.Build.0 = Release|Any CPU
		{1A69AAF9-1679-4D77-BC66-FD8316FECED1}.Release|Any CPU.Deploy.0 = Release|Any CPU
		{1A69AAF9-1679-4D77-BC66-FD8316FECED1}.Release|ARM.ActiveCfg = Release|Any CPU
		{1A69AAF9-1679-4D77-BC66-FD8316FECED1}.Release|ARM.Build.0 = Release|Any CPU
		{1A69AAF9-1679-4D77-BC66-FD8316FECED1}.Release|ARM.Deploy.0 = Release|Any CPU
		{1A69AAF9-1679-4D77-BC66-FD8316FECED1}.Release|ARM64.ActiveCfg = Release|Any CPU
		{1A69AAF9-1679-4D77-BC66-FD8316FECED1}.Release|ARM64.Build.0 = Release|Any CPU
		{1A69AAF9-1679-4D77-BC66-FD8316FECED1}.Release|ARM64.Deploy.0 = Release|Any CPU
		{1A69AAF9-1679-4D77-BC66-FD8316FECED1}.Release|iPhone.ActiveCfg = Release|Any CPU
		{1A69AAF9-1679-4D77-BC66-FD8316FECED1}.Release|iPhone.Build.0 = Release|Any CPU
		{1A69AAF9-1679-4D77-BC66-FD8316FECED1}.Release|iPhone.Deploy.0 = Release|Any CPU
		{1A69AAF9-1679-4D77-BC66-FD8316FECED1}.Release|iPhoneSimulator.ActiveCfg = Release|Any CPU
		{1A69AAF9-1679-4D77-BC66-FD8316FECED1}.Release|iPhoneSimulator.Build.0 = Release|Any CPU
		{1A69AAF9-1679-4D77-BC66-FD8316FECED1}.Release|iPhoneSimulator.Deploy.0 = Release|Any CPU
		{1A69AAF9-1679-4D77-BC66-FD8316FECED1}.Release|x64.ActiveCfg = Release|Any CPU
		{1A69AAF9-1679-4D77-BC66-FD8316FECED1}.Release|x64.Build.0 = Release|Any CPU
		{1A69AAF9-1679-4D77-BC66-FD8316FECED1}.Release|x64.Deploy.0 = Release|Any CPU
		{1A69AAF9-1679-4D77-BC66-FD8316FECED1}.Release|x86.ActiveCfg = Release|Any CPU
		{1A69AAF9-1679-4D77-BC66-FD8316FECED1}.Release|x86.Build.0 = Release|Any CPU
		{1A69AAF9-1679-4D77-BC66-FD8316FECED1}.Release|x86.Deploy.0 = Release|Any CPU
		{F2F61D77-9E05-4CDE-BA46-8A49ED869173}.Debug|Any CPU.ActiveCfg = Debug|x86
		{F2F61D77-9E05-4CDE-BA46-8A49ED869173}.Debug|ARM.ActiveCfg = Debug|ARM
		{F2F61D77-9E05-4CDE-BA46-8A49ED869173}.Debug|ARM.Build.0 = Debug|ARM
		{F2F61D77-9E05-4CDE-BA46-8A49ED869173}.Debug|ARM.Deploy.0 = Debug|ARM
		{F2F61D77-9E05-4CDE-BA46-8A49ED869173}.Debug|ARM64.ActiveCfg = Debug|ARM64
		{F2F61D77-9E05-4CDE-BA46-8A49ED869173}.Debug|ARM64.Build.0 = Debug|ARM64
		{F2F61D77-9E05-4CDE-BA46-8A49ED869173}.Debug|ARM64.Deploy.0 = Debug|ARM64
		{F2F61D77-9E05-4CDE-BA46-8A49ED869173}.Debug|iPhone.ActiveCfg = Debug|x86
		{F2F61D77-9E05-4CDE-BA46-8A49ED869173}.Debug|iPhoneSimulator.ActiveCfg = Debug|x86
		{F2F61D77-9E05-4CDE-BA46-8A49ED869173}.Debug|x64.ActiveCfg = Debug|x64
		{F2F61D77-9E05-4CDE-BA46-8A49ED869173}.Debug|x64.Build.0 = Debug|x64
		{F2F61D77-9E05-4CDE-BA46-8A49ED869173}.Debug|x64.Deploy.0 = Debug|x64
		{F2F61D77-9E05-4CDE-BA46-8A49ED869173}.Debug|x86.ActiveCfg = Debug|x86
		{F2F61D77-9E05-4CDE-BA46-8A49ED869173}.Debug|x86.Build.0 = Debug|x86
		{F2F61D77-9E05-4CDE-BA46-8A49ED869173}.Debug|x86.Deploy.0 = Debug|x86
		{F2F61D77-9E05-4CDE-BA46-8A49ED869173}.Release|Any CPU.ActiveCfg = Release|x86
		{F2F61D77-9E05-4CDE-BA46-8A49ED869173}.Release|ARM.ActiveCfg = Release|ARM
		{F2F61D77-9E05-4CDE-BA46-8A49ED869173}.Release|ARM.Build.0 = Release|ARM
		{F2F61D77-9E05-4CDE-BA46-8A49ED869173}.Release|ARM.Deploy.0 = Release|ARM
		{F2F61D77-9E05-4CDE-BA46-8A49ED869173}.Release|ARM64.ActiveCfg = Release|ARM64
		{F2F61D77-9E05-4CDE-BA46-8A49ED869173}.Release|ARM64.Build.0 = Release|ARM64
		{F2F61D77-9E05-4CDE-BA46-8A49ED869173}.Release|ARM64.Deploy.0 = Release|ARM64
		{F2F61D77-9E05-4CDE-BA46-8A49ED869173}.Release|iPhone.ActiveCfg = Release|x86
		{F2F61D77-9E05-4CDE-BA46-8A49ED869173}.Release|iPhoneSimulator.ActiveCfg = Release|x86
		{F2F61D77-9E05-4CDE-BA46-8A49ED869173}.Release|x64.ActiveCfg = Release|x64
		{F2F61D77-9E05-4CDE-BA46-8A49ED869173}.Release|x64.Build.0 = Release|x64
		{F2F61D77-9E05-4CDE-BA46-8A49ED869173}.Release|x64.Deploy.0 = Release|x64
		{F2F61D77-9E05-4CDE-BA46-8A49ED869173}.Release|x86.ActiveCfg = Release|x86
		{F2F61D77-9E05-4CDE-BA46-8A49ED869173}.Release|x86.Build.0 = Release|x86
		{F2F61D77-9E05-4CDE-BA46-8A49ED869173}.Release|x86.Deploy.0 = Release|x86
	EndGlobalSection
	GlobalSection(SolutionProperties) = preSolution
		HideSolutionNode = FALSE
	EndGlobalSection
	GlobalSection(ExtensibilityGlobals) = postSolution
		SolutionGuid = {530FAD58-0077-458D-9109-DA8A7D819E4C}
	EndGlobalSection
EndGlobal
